{
  "version": 4,
  "terraform_version": "1.3.2",
  "serial": 17,
  "lineage": "52be672f-9c1e-e1f5-dfef-1de0652cebc8",
  "outputs": {},
  "resources": [
    {
      "module": "module.kube",
      "mode": "managed",
      "type": "helm_release",
      "name": "kube-prometheus",
      "provider": "provider[\"registry.terraform.io/hashicorp/helm\"]",
      "instances": [
        {
          "schema_version": 0,
          "attributes": {
            "atomic": false,
            "chart": "kube-prometheus-stack",
            "cleanup_on_fail": false,
            "create_namespace": false,
            "dependency_update": false,
            "description": null,
            "devel": null,
            "disable_crd_hooks": false,
            "disable_openapi_validation": false,
            "disable_webhooks": false,
            "force_update": false,
            "id": "kube-prometheus-stackr",
            "keyring": null,
            "lint": false,
            "manifest": null,
            "max_history": 0,
            "metadata": [
              {
                "app_version": "0.57.0",
                "chart": "kube-prometheus-stack",
                "name": "kube-prometheus-stackr",
                "namespace": "minikubenamespace",
                "revision": 1,
                "values": "{}",
                "version": "36.2.0"
              }
            ],
            "name": "kube-prometheus-stackr",
            "namespace": "minikubenamespace",
            "pass_credentials": false,
            "postrender": [],
            "recreate_pods": false,
            "render_subchart_notes": true,
            "replace": false,
            "repository": "https://prometheus-community.github.io/helm-charts",
            "repository_ca_file": null,
            "repository_cert_file": null,
            "repository_key_file": null,
            "repository_password": null,
            "repository_username": null,
            "reset_values": false,
            "reuse_values": false,
            "set": [],
            "set_sensitive": [],
            "skip_crds": false,
            "status": "deployed",
            "timeout": 300,
            "values": null,
            "verify": false,
            "version": "36.2.0",
            "wait": true,
            "wait_for_jobs": false
          },
          "sensitive_attributes": [],
          "private": "bnVsbA=="
        }
      ]
    }
  ],
  "check_results": []
}
